
Microsoft Visual Studio Solution File, Format Version 12.00
# Visual Studio 15
VisualStudioVersion = 15.0.26730.12
MinimumVisualStudioVersion = 10.0.40219.1
Project("{FAE04EC0-301F-11D3-BF4B-00C04F79EFBC}") = "IntroductionConsole", "IntroductionConsole\IntroductionConsole.csproj", "{9D1FB489-3A89-4402-8714-1026F5368EF9}"
EndProject
Project("{FAE04EC0-301F-11D3-BF4B-00C04F79EFBC}") = "ClassLibrary1", "ClassLibrary1\ClassLibrary1.csproj", "{AD2C180D-AF45-46D6-8817-6476E9AE17A6}"
EndProject
Global
	GlobalSection(SolutionConfigurationPlatforms) = preSolution
		Debug|Any CPU = Debug|Any CPU
		Release|Any CPU = Release|Any CPU
	EndGlobalSection
	GlobalSection(ProjectConfigurationPlatforms) = postSolution
		{9D1FB489-3A89-4402-8714-1026F5368EF9}.Debug|Any CPU.ActiveCfg = Debug|Any CPU
		{9D1FB489-3A89-4402-8714-1026F5368EF9}.Debug|Any CPU.Build.0 = Debug|Any CPU
		{9D1FB489-3A89-4402-8714-1026F5368EF9}.Release|Any CPU.ActiveCfg = Release|Any CPU
		{9D1FB489-3A89-4402-8714-1026F5368EF9}.Release|Any CPU.Build.0 = Release|Any CPU
		{AD2C180D-AF45-46D6-8817-6476E9AE17A6}.Debug|Any CPU.ActiveCfg = Debug|Any CPU
		{AD2C180D-AF45-46D6-8817-6476E9AE17A6}.Debug|Any CPU.Build.0 = Debug|Any CPU
		{AD2C180D-AF45-46D6-8817-6476E9AE17A6}.Release|Any CPU.ActiveCfg = Release|Any CPU
		{AD2C180D-AF45-46D6-8817-6476E9AE17A6}.Release|Any CPU.Build.0 = Release|Any CPU
	EndGlobalSection
	GlobalSection(SolutionProperties) = preSolution
		HideSolutionNode = FALSE
	EndGlobalSection
	GlobalSection(ExtensibilityGlobals) = postSolution
		SolutionGuid = {9E43C425-0746-4FBB-8619-AF843CC946D5}
	EndGlobalSection
EndGlobal
